
Microsoft Visual Studio Solution File, Format Version 12.00
Project("{FAE04EC0-301F-11D3-BF4B-00C04F79EFBC}") = "ApplicationCore", "ApplicationCore\ApplicationCore.csproj", "{98AFF0D8-BC81-46F5-A767-012A19A3AF83}"
EndProject
Project("{FAE04EC0-301F-11D3-BF4B-00C04F79EFBC}") = "Infrastructure", "Infrastructure\Infrastructure.csproj", "{AE10221B-D1F2-423C-886F-04D53DA13335}"
EndProject
Project("{FAE04EC0-301F-11D3-BF4B-00C04F79EFBC}") = "WebAPI", "WebAPI\WebAPI.csproj", "{66D87A3C-B473-4ECD-B52E-CFC1741D4866}"
EndProject
Global
	GlobalSection(SolutionConfigurationPlatforms) = preSolution
		Debug|Any CPU = Debug|Any CPU
		Release|Any CPU = Release|Any CPU
	EndGlobalSection
	GlobalSection(ProjectConfigurationPlatforms) = postSolution
		{98AFF0D8-BC81-46F5-A767-012A19A3AF83}.Debug|Any CPU.ActiveCfg = Debug|Any CPU
		{98AFF0D8-BC81-46F5-A767-012A19A3AF83}.Debug|Any CPU.Build.0 = Debug|Any CPU
		{98AFF0D8-BC81-46F5-A767-012A19A3AF83}.Release|Any CPU.ActiveCfg = Release|Any CPU
		{98AFF0D8-BC81-46F5-A767-012A19A3AF83}.Release|Any CPU.Build.0 = Release|Any CPU
		{AE10221B-D1F2-423C-886F-04D53DA13335}.Debug|Any CPU.ActiveCfg = Debug|Any CPU
		{AE10221B-D1F2-423C-886F-04D53DA13335}.Debug|Any CPU.Build.0 = Debug|Any CPU
		{AE10221B-D1F2-423C-886F-04D53DA13335}.Release|Any CPU.ActiveCfg = Release|Any CPU
		{AE10221B-D1F2-423C-886F-04D53DA13335}.Release|Any CPU.Build.0 = Release|Any CPU
		{66D87A3C-B473-4ECD-B52E-CFC1741D4866}.Debug|Any CPU.ActiveCfg = Debug|Any CPU
		{66D87A3C-B473-4ECD-B52E-CFC1741D4866}.Debug|Any CPU.Build.0 = Debug|Any CPU
		{66D87A3C-B473-4ECD-B52E-CFC1741D4866}.Release|Any CPU.ActiveCfg = Release|Any CPU
		{66D87A3C-B473-4ECD-B52E-CFC1741D4866}.Release|Any CPU.Build.0 = Release|Any CPU
	EndGlobalSection
EndGlobal
